// !$*UTF8*$!
{
	archiveVersion = 1;
	classes = {
	};
	objectVersion = 56;
	objects = {

/* Begin PBXBuildFile section */
		6A650D89294F2C4B0017C69C /* DataController.swift in Sources */ = {isa = PBXBuildFile; fileRef = 6A650D88294F2C4B0017C69C /* DataController.swift */; };
		6A650D8B2952C38C0017C69C /* CreateAction.swift in Sources */ = {isa = PBXBuildFile; fileRef = 6A650D8A2952C38C0017C69C /* CreateAction.swift */; };
		6A650D8D29534BA60017C69C /* ICON_SAMPLE_03.png in Resources */ = {isa = PBXBuildFile; fileRef = 6A650D8C29534BA60017C69C /* ICON_SAMPLE_03.png */; };
		6ADAAA1029458F3E0066E028 /* MandaProjectApp.swift in Sources */ = {isa = PBXBuildFile; fileRef = 6ADAAA0F29458F3E0066E028 /* MandaProjectApp.swift */; };
		6ADAAA1429458F400066E028 /* Assets.xcassets in Resources */ = {isa = PBXBuildFile; fileRef = 6ADAAA1329458F400066E028 /* Assets.xcassets */; };
		6ADAAA1729458F400066E028 /* Preview Assets.xcassets in Resources */ = {isa = PBXBuildFile; fileRef = 6ADAAA1629458F400066E028 /* Preview Assets.xcassets */; };
		6ADAAA2129458F400066E028 /* MandaProjectTests.swift in Sources */ = {isa = PBXBuildFile; fileRef = 6ADAAA2029458F400066E028 /* MandaProjectTests.swift */; };
		6ADAAA2B29458F400066E028 /* MandaProjectUITests.swift in Sources */ = {isa = PBXBuildFile; fileRef = 6ADAAA2A29458F400066E028 /* MandaProjectUITests.swift */; };
		6ADAAA2D29458F400066E028 /* MandaProjectUITestsLaunchTests.swift in Sources */ = {isa = PBXBuildFile; fileRef = 6ADAAA2C29458F400066E028 /* MandaProjectUITestsLaunchTests.swift */; };
		6ADAAA3F2945A21E0066E028 /* Model.xcdatamodeld in Sources */ = {isa = PBXBuildFile; fileRef = 6ADAAA3D2945A21E0066E028 /* Model.xcdatamodeld */; };
		6ADAAA432945B9B10066E028 /* CreateGoal.swift in Sources */ = {isa = PBXBuildFile; fileRef = 6ADAAA422945B9B10066E028 /* CreateGoal.swift */; };
		6ADAAA472945CCC70066E028 /* SubGoalList.swift in Sources */ = {isa = PBXBuildFile; fileRef = 6ADAAA462945CCC70066E028 /* SubGoalList.swift */; };
		6ADAAA492945FCCD0066E028 /* ActionList.swift in Sources */ = {isa = PBXBuildFile; fileRef = 6ADAAA482945FCCD0066E028 /* ActionList.swift */; };
		6ADAAA4B294608740066E028 /* CreateSubGoal.swift in Sources */ = {isa = PBXBuildFile; fileRef = 6ADAAA4A294608740066E028 /* CreateSubGoal.swift */; };
		6ADAAA4D29461D1A0066E028 /* EditAction.swift in Sources */ = {isa = PBXBuildFile; fileRef = 6ADAAA4C29461D1A0066E028 /* EditAction.swift */; };
		6ADAAA692948C78E0066E028 /* MainView.swift in Sources */ = {isa = PBXBuildFile; fileRef = 6ADAAA682948C78E0066E028 /* MainView.swift */; };
/* End PBXBuildFile section */

/* Begin PBXContainerItemProxy section */
		6ADAAA1D29458F400066E028 /* PBXContainerItemProxy */ = {
			isa = PBXContainerItemProxy;
			containerPortal = 6ADAAA0429458F3E0066E028 /* Project object */;
			proxyType = 1;
			remoteGlobalIDString = 6ADAAA0B29458F3E0066E028;
			remoteInfo = MandaProject;
		};
		6ADAAA2729458F400066E028 /* PBXContainerItemProxy */ = {
			isa = PBXContainerItemProxy;
			containerPortal = 6ADAAA0429458F3E0066E028 /* Project object */;
			proxyType = 1;
			remoteGlobalIDString = 6ADAAA0B29458F3E0066E028;
			remoteInfo = MandaProject;
		};
/* End PBXContainerItemProxy section */

/* Begin PBXFileReference section */
		6A650D88294F2C4B0017C69C /* DataController.swift */ = {isa = PBXFileReference; lastKnownFileType = sourcecode.swift; path = DataController.swift; sourceTree = "<group>"; };
		6A650D8A2952C38C0017C69C /* CreateAction.swift */ = {isa = PBXFileReference; lastKnownFileType = sourcecode.swift; path = CreateAction.swift; sourceTree = "<group>"; };
		6A650D8C29534BA60017C69C /* ICON_SAMPLE_03.png */ = {isa = PBXFileReference; lastKnownFileType = image.png; path = ICON_SAMPLE_03.png; sourceTree = "<group>"; };
		6ADAAA0C29458F3E0066E028 /* MandaProject.app */ = {isa = PBXFileReference; explicitFileType = wrapper.application; includeInIndex = 0; path = MandaProject.app; sourceTree = BUILT_PRODUCTS_DIR; };
		6ADAAA0F29458F3E0066E028 /* MandaProjectApp.swift */ = {isa = PBXFileReference; lastKnownFileType = sourcecode.swift; path = MandaProjectApp.swift; sourceTree = "<group>"; };
		6ADAAA1329458F400066E028 /* Assets.xcassets */ = {isa = PBXFileReference; lastKnownFileType = folder.assetcatalog; path = Assets.xcassets; sourceTree = "<group>"; };
		6ADAAA1629458F400066E028 /* Preview Assets.xcassets */ = {isa = PBXFileReference; lastKnownFileType = folder.assetcatalog; path = "Preview Assets.xcassets"; sourceTree = "<group>"; };
		6ADAAA1C29458F400066E028 /* MandaProjectTests.xctest */ = {isa = PBXFileReference; explicitFileType = wrapper.cfbundle; includeInIndex = 0; path = MandaProjectTests.xctest; sourceTree = BUILT_PRODUCTS_DIR; };
		6ADAAA2029458F400066E028 /* MandaProjectTests.swift */ = {isa = PBXFileReference; lastKnownFileType = sourcecode.swift; path = MandaProjectTests.swift; sourceTree = "<group>"; };
		6ADAAA2629458F400066E028 /* MandaProjectUITests.xctest */ = {isa = PBXFileReference; explicitFileType = wrapper.cfbundle; includeInIndex = 0; path = MandaProjectUITests.xctest; sourceTree = BUILT_PRODUCTS_DIR; };
		6ADAAA2A29458F400066E028 /* MandaProjectUITests.swift */ = {isa = PBXFileReference; lastKnownFileType = sourcecode.swift; path = MandaProjectUITests.swift; sourceTree = "<group>"; };
		6ADAAA2C29458F400066E028 /* MandaProjectUITestsLaunchTests.swift */ = {isa = PBXFileReference; lastKnownFileType = sourcecode.swift; path = MandaProjectUITestsLaunchTests.swift; sourceTree = "<group>"; };
		6ADAAA3E2945A21E0066E028 /* Model.xcdatamodel */ = {isa = PBXFileReference; lastKnownFileType = wrapper.xcdatamodel; path = Model.xcdatamodel; sourceTree = "<group>"; };
		6ADAAA422945B9B10066E028 /* CreateGoal.swift */ = {isa = PBXFileReference; lastKnownFileType = sourcecode.swift; path = CreateGoal.swift; sourceTree = "<group>"; };
		6ADAAA462945CCC70066E028 /* SubGoalList.swift */ = {isa = PBXFileReference; lastKnownFileType = sourcecode.swift; path = SubGoalList.swift; sourceTree = "<group>"; };
		6ADAAA482945FCCD0066E028 /* ActionList.swift */ = {isa = PBXFileReference; lastKnownFileType = sourcecode.swift; path = ActionList.swift; sourceTree = "<group>"; };
		6ADAAA4A294608740066E028 /* CreateSubGoal.swift */ = {isa = PBXFileReference; lastKnownFileType = sourcecode.swift; path = CreateSubGoal.swift; sourceTree = "<group>"; };
		6ADAAA4C29461D1A0066E028 /* EditAction.swift */ = {isa = PBXFileReference; lastKnownFileType = sourcecode.swift; path = EditAction.swift; sourceTree = "<group>"; };
		6ADAAA682948C78E0066E028 /* MainView.swift */ = {isa = PBXFileReference; lastKnownFileType = sourcecode.swift; path = MainView.swift; sourceTree = "<group>"; };
/* End PBXFileReference section */

/* Begin PBXFrameworksBuildPhase section */
		6ADAAA0929458F3E0066E028 /* Frameworks */ = {
			isa = PBXFrameworksBuildPhase;
			buildActionMask = 2147483647;
			files = (
			);
			runOnlyForDeploymentPostprocessing = 0;
		};
		6ADAAA1929458F400066E028 /* Frameworks */ = {
			isa = PBXFrameworksBuildPhase;
			buildActionMask = 2147483647;
			files = (
			);
			runOnlyForDeploymentPostprocessing = 0;
		};
		6ADAAA2329458F400066E028 /* Frameworks */ = {
			isa = PBXFrameworksBuildPhase;
			buildActionMask = 2147483647;
			files = (
			);
			runOnlyForDeploymentPostprocessing = 0;
		};
/* End PBXFrameworksBuildPhase section */

/* Begin PBXGroup section */
		6ADAAA0329458F3E0066E028 = {
			isa = PBXGroup;
			children = (
				6ADAAA0E29458F3E0066E028 /* MandaProject */,
				6ADAAA1F29458F400066E028 /* MandaProjectTests */,
				6ADAAA2929458F400066E028 /* MandaProjectUITests */,
				6ADAAA0D29458F3E0066E028 /* Products */,
			);
			sourceTree = "<group>";
		};
		6ADAAA0D29458F3E0066E028 /* Products */ = {
			isa = PBXGroup;
			children = (
				6ADAAA0C29458F3E0066E028 /* MandaProject.app */,
				6ADAAA1C29458F400066E028 /* MandaProjectTests.xctest */,
				6ADAAA2629458F400066E028 /* MandaProjectUITests.xctest */,
			);
			name = Products;
			sourceTree = "<group>";
		};
		6ADAAA0E29458F3E0066E028 /* MandaProject */ = {
			isa = PBXGroup;
			children = (
				6ADAAA3C29459A4D0066E028 /* DataModel */,
				6ADAAA3B29459A3C0066E028 /* Controllers */,
				6ADAAA3A29459A310066E028 /* Resources */,
				6ADAAA392945958E0066E028 /* Views */,
				6ADAAA0F29458F3E0066E028 /* MandaProjectApp.swift */,
				6ADAAA1329458F400066E028 /* Assets.xcassets */,
				6ADAAA1529458F400066E028 /* Preview Content */,
			);
			path = MandaProject;
			sourceTree = "<group>";
		};
		6ADAAA1529458F400066E028 /* Preview Content */ = {
			isa = PBXGroup;
			children = (
				6ADAAA1629458F400066E028 /* Preview Assets.xcassets */,
			);
			path = "Preview Content";
			sourceTree = "<group>";
		};
		6ADAAA1F29458F400066E028 /* MandaProjectTests */ = {
			isa = PBXGroup;
			children = (
				6ADAAA2029458F400066E028 /* MandaProjectTests.swift */,
			);
			path = MandaProjectTests;
			sourceTree = "<group>";
		};
		6ADAAA2929458F400066E028 /* MandaProjectUITests */ = {
			isa = PBXGroup;
			children = (
				6ADAAA2A29458F400066E028 /* MandaProjectUITests.swift */,
				6ADAAA2C29458F400066E028 /* MandaProjectUITestsLaunchTests.swift */,
			);
			path = MandaProjectUITests;
			sourceTree = "<group>";
		};
		6ADAAA392945958E0066E028 /* Views */ = {
			isa = PBXGroup;
			children = (
				6ADAAA422945B9B10066E028 /* CreateGoal.swift */,
				6ADAAA462945CCC70066E028 /* SubGoalList.swift */,
				6ADAAA482945FCCD0066E028 /* ActionList.swift */,
				6ADAAA4A294608740066E028 /* CreateSubGoal.swift */,
				6ADAAA4C29461D1A0066E028 /* EditAction.swift */,
				6ADAAA682948C78E0066E028 /* MainView.swift */,
				6A650D8A2952C38C0017C69C /* CreateAction.swift */,
			);
			path = Views;
			sourceTree = "<group>";
		};
		6ADAAA3A29459A310066E028 /* Resources */ = {
			isa = PBXGroup;
			children = (
				6A650D8C29534BA60017C69C /* ICON_SAMPLE_03.png */,
			);
			path = Resources;
			sourceTree = "<group>";
		};
		6ADAAA3B29459A3C0066E028 /* Controllers */ = {
			isa = PBXGroup;
			children = (
			);
			path = Controllers;
			sourceTree = "<group>";
		};
		6ADAAA3C29459A4D0066E028 /* DataModel */ = {
			isa = PBXGroup;
			children = (
				6ADAAA3D2945A21E0066E028 /* Model.xcdatamodeld */,
				6A650D88294F2C4B0017C69C /* DataController.swift */,
			);
			path = DataModel;
			sourceTree = "<group>";
		};
/* End PBXGroup section */

/* Begin PBXNativeTarget section */
		6ADAAA0B29458F3E0066E028 /* MandaProject */ = {
			isa = PBXNativeTarget;
			buildConfigurationList = 6ADAAA3029458F400066E028 /* Build configuration list for PBXNativeTarget "MandaProject" */;
			buildPhases = (
				6ADAAA0829458F3E0066E028 /* Sources */,
				6ADAAA0929458F3E0066E028 /* Frameworks */,
				6ADAAA0A29458F3E0066E028 /* Resources */,
			);
			buildRules = (
			);
			dependencies = (
			);
			name = MandaProject;
			productName = MandaProject;
			productReference = 6ADAAA0C29458F3E0066E028 /* MandaProject.app */;
			productType = "com.apple.product-type.application";
		};
		6ADAAA1B29458F400066E028 /* MandaProjectTests */ = {
			isa = PBXNativeTarget;
			buildConfigurationList = 6ADAAA3329458F400066E028 /* Build configuration list for PBXNativeTarget "MandaProjectTests" */;
			buildPhases = (
				6ADAAA1829458F400066E028 /* Sources */,
				6ADAAA1929458F400066E028 /* Frameworks */,
				6ADAAA1A29458F400066E028 /* Resources */,
			);
			buildRules = (
			);
			dependencies = (
				6ADAAA1E29458F400066E028 /* PBXTargetDependency */,
			);
			name = MandaProjectTests;
			productName = MandaProjectTests;
			productReference = 6ADAAA1C29458F400066E028 /* MandaProjectTests.xctest */;
			productType = "com.apple.product-type.bundle.unit-test";
		};
		6ADAAA2529458F400066E028 /* MandaProjectUITests */ = {
			isa = PBXNativeTarget;
			buildConfigurationList = 6ADAAA3629458F400066E028 /* Build configuration list for PBXNativeTarget "MandaProjectUITests" */;
			buildPhases = (
				6ADAAA2229458F400066E028 /* Sources */,
				6ADAAA2329458F400066E028 /* Frameworks */,
				6ADAAA2429458F400066E028 /* Resources */,
			);
			buildRules = (
			);
			dependencies = (
				6ADAAA2829458F400066E028 /* PBXTargetDependency */,
			);
			name = MandaProjectUITests;
			productName = MandaProjectUITests;
			productReference = 6ADAAA2629458F400066E028 /* MandaProjectUITests.xctest */;
			productType = "com.apple.product-type.bundle.ui-testing";
		};
/* End PBXNativeTarget section */

/* Begin PBXProject section */
		6ADAAA0429458F3E0066E028 /* Project object */ = {
			isa = PBXProject;
			attributes = {
				BuildIndependentTargetsInParallel = 1;
				LastSwiftUpdateCheck = 1410;
				LastUpgradeCheck = 1410;
				TargetAttributes = {
					6ADAAA0B29458F3E0066E028 = {
						CreatedOnToolsVersion = 14.1;
					};
					6ADAAA1B29458F400066E028 = {
						CreatedOnToolsVersion = 14.1;
						TestTargetID = 6ADAAA0B29458F3E0066E028;
					};
					6ADAAA2529458F400066E028 = {
						CreatedOnToolsVersion = 14.1;
						TestTargetID = 6ADAAA0B29458F3E0066E028;
					};
				};
			};
			buildConfigurationList = 6ADAAA0729458F3E0066E028 /* Build configuration list for PBXProject "MandaProject" */;
			compatibilityVersion = "Xcode 14.0";
			developmentRegion = en;
			hasScannedForEncodings = 0;
			knownRegions = (
				en,
				Base,
			);
			mainGroup = 6ADAAA0329458F3E0066E028;
			productRefGroup = 6ADAAA0D29458F3E0066E028 /* Products */;
			projectDirPath = "";
			projectRoot = "";
			targets = (
				6ADAAA0B29458F3E0066E028 /* MandaProject */,
				6ADAAA1B29458F400066E028 /* MandaProjectTests */,
				6ADAAA2529458F400066E028 /* MandaProjectUITests */,
			);
		};
/* End PBXProject section */

/* Begin PBXResourcesBuildPhase section */
		6ADAAA0A29458F3E0066E028 /* Resources */ = {
			isa = PBXResourcesBuildPhase;
			buildActionMask = 2147483647;
			files = (
				6A650D8D29534BA60017C69C /* ICON_SAMPLE_03.png in Resources */,
				6ADAAA1729458F400066E028 /* Preview Assets.xcassets in Resources */,
				6ADAAA1429458F400066E028 /* Assets.xcassets in Resources */,
			);
			runOnlyForDeploymentPostprocessing = 0;
		};
		6ADAAA1A29458F400066E028 /* Resources */ = {
			isa = PBXResourcesBuildPhase;
			buildActionMask = 2147483647;
			files = (
			);
			runOnlyForDeploymentPostprocessing = 0;
		};
		6ADAAA2429458F400066E028 /* Resources */ = {
			isa = PBXResourcesBuildPhase;
			buildActionMask = 2147483647;
			files = (
			);
			runOnlyForDeploymentPostprocessing = 0;
		};
/* End PBXResourcesBuildPhase section */

/* Begin PBXSourcesBuildPhase section */
		6ADAAA0829458F3E0066E028 /* Sources */ = {
			isa = PBXSourcesBuildPhase;
			buildActionMask = 2147483647;
			files = (
				6A650D8B2952C38C0017C69C /* CreateAction.swift in Sources */,
				6ADAAA4D29461D1A0066E028 /* EditAction.swift in Sources */,
				6ADAAA472945CCC70066E028 /* SubGoalList.swift in Sources */,
				6ADAAA692948C78E0066E028 /* MainView.swift in Sources */,
				6ADAAA492945FCCD0066E028 /* ActionList.swift in Sources */,
				6A650D89294F2C4B0017C69C /* DataController.swift in Sources */,
				6ADAAA432945B9B10066E028 /* CreateGoal.swift in Sources */,
				6ADAAA1029458F3E0066E028 /* MandaProjectApp.swift in Sources */,
				6ADAAA3F2945A21E0066E028 /* Model.xcdatamodeld in Sources */,
				6ADAAA4B294608740066E028 /* CreateSubGoal.swift in Sources */,
			);
			runOnlyForDeploymentPostprocessing = 0;
		};
		6ADAAA1829458F400066E028 /* Sources */ = {
			isa = PBXSourcesBuildPhase;
			buildActionMask = 2147483647;
			files = (
				6ADAAA2129458F400066E028 /* MandaProjectTests.swift in Sources */,
			);
			runOnlyForDeploymentPostprocessing = 0;
		};
		6ADAAA2229458F400066E028 /* Sources */ = {
			isa = PBXSourcesBuildPhase;
			buildActionMask = 2147483647;
			files = (
				6ADAAA2D29458F400066E028 /* MandaProjectUITestsLaunchTests.swift in Sources */,
				6ADAAA2B29458F400066E028 /* MandaProjectUITests.swift in Sources */,
			);
			runOnlyForDeploymentPostprocessing = 0;
		};
/* End PBXSourcesBuildPhase section */

/* Begin PBXTargetDependency section */
		6ADAAA1E29458F400066E028 /* PBXTargetDependency */ = {
			isa = PBXTargetDependency;
			target = 6ADAAA0B29458F3E0066E028 /* MandaProject */;
			targetProxy = 6ADAAA1D29458F400066E028 /* PBXContainerItemProxy */;
		};
		6ADAAA2829458F400066E028 /* PBXTargetDependency */ = {
			isa = PBXTargetDependency;
			target = 6ADAAA0B29458F3E0066E028 /* MandaProject */;
			targetProxy = 6ADAAA2729458F400066E028 /* PBXContainerItemProxy */;
		};
/* End PBXTargetDependency section */

/* Begin XCBuildConfiguration section */
		6ADAAA2E29458F400066E028 /* Debug */ = {
			isa = XCBuildConfiguration;
			buildSettings = {
				ALWAYS_SEARCH_USER_PATHS = NO;
				CLANG_ANALYZER_NONNULL = YES;
				CLANG_ANALYZER_NUMBER_OBJECT_CONVERSION = YES_AGGRESSIVE;
				CLANG_CXX_LANGUAGE_STANDARD = "gnu++20";
				CLANG_ENABLE_MODULES = YES;
				CLANG_ENABLE_OBJC_ARC = YES;
				CLANG_ENABLE_OBJC_WEAK = YES;
				CLANG_WARN_BLOCK_CAPTURE_AUTORELEASING = YES;
				CLANG_WARN_BOOL_CONVERSION = YES;
				CLANG_WARN_COMMA = YES;
				CLANG_WARN_CONSTANT_CONVERSION = YES;
				CLANG_WARN_DEPRECATED_OBJC_IMPLEMENTATIONS = YES;
				CLANG_WARN_DIRECT_OBJC_ISA_USAGE = YES_ERROR;
				CLANG_WARN_DOCUMENTATION_COMMENTS = YES;
				CLANG_WARN_EMPTY_BODY = YES;
				CLANG_WARN_ENUM_CONVERSION = YES;
				CLANG_WARN_INFINITE_RECURSION = YES;
				CLANG_WARN_INT_CONVERSION = YES;
				CLANG_WARN_NON_LITERAL_NULL_CONVERSION = YES;
				CLANG_WARN_OBJC_IMPLICIT_RETAIN_SELF = YES;
				CLANG_WARN_OBJC_LITERAL_CONVERSION = YES;
				CLANG_WARN_OBJC_ROOT_CLASS = YES_ERROR;
				CLANG_WARN_QUOTED_INCLUDE_IN_FRAMEWORK_HEADER = YES;
				CLANG_WARN_RANGE_LOOP_ANALYSIS = YES;
				CLANG_WARN_STRICT_PROTOTYPES = YES;
				CLANG_WARN_SUSPICIOUS_MOVE = YES;
				CLANG_WARN_UNGUARDED_AVAILABILITY = YES_AGGRESSIVE;
				CLANG_WARN_UNREACHABLE_CODE = YES;
				CLANG_WARN__DUPLICATE_METHOD_MATCH = YES;
				COPY_PHASE_STRIP = NO;
				DEBUG_INFORMATION_FORMAT = dwarf;
				ENABLE_STRICT_OBJC_MSGSEND = YES;
				ENABLE_TESTABILITY = YES;
				GCC_C_LANGUAGE_STANDARD = gnu11;
				GCC_DYNAMIC_NO_PIC = NO;
				GCC_NO_COMMON_BLOCKS = YES;
				GCC_OPTIMIZATION_LEVEL = 0;
				GCC_PREPROCESSOR_DEFINITIONS = (
					"DEBUG=1",
					"$(inherited)",
				);
				GCC_WARN_64_TO_32_BIT_CONVERSION = YES;
				GCC_WARN_ABOUT_RETURN_TYPE = YES_ERROR;
				GCC_WARN_UNDECLARED_SELECTOR = YES;
				GCC_WARN_UNINITIALIZED_AUTOS = YES_AGGRESSIVE;
				GCC_WARN_UNUSED_FUNCTION = YES;
				GCC_WARN_UNUSED_VARIABLE = YES;
				INFOPLIST_KEY_CFBundleDisplayName = "";
				IPHONEOS_DEPLOYMENT_TARGET = 16.1;
				MTL_ENABLE_DEBUG_INFO = INCLUDE_SOURCE;
				MTL_FAST_MATH = YES;
				ONLY_ACTIVE_ARCH = YES;
				SDKROOT = iphoneos;
				SWIFT_ACTIVE_COMPILATION_CONDITIONS = DEBUG;
				SWIFT_OPTIMIZATION_LEVEL = "-Onone";
			};
			name = Debug;
		};
		6ADAAA2F29458F400066E028 /* Release */ = {
			isa = XCBuildConfiguration;
			buildSettings = {
				ALWAYS_SEARCH_USER_PATHS = NO;
				CLANG_ANALYZER_NONNULL = YES;
				CLANG_ANALYZER_NUMBER_OBJECT_CONVERSION = YES_AGGRESSIVE;
				CLANG_CXX_LANGUAGE_STANDARD = "gnu++20";
				CLANG_ENABLE_MODULES = YES;
				CLANG_ENABLE_OBJC_ARC = YES;
				CLANG_ENABLE_OBJC_WEAK = YES;
				CLANG_WARN_BLOCK_CAPTURE_AUTORELEASING = YES;
				CLANG_WARN_BOOL_CONVERSION = YES;
				CLANG_WARN_COMMA = YES;
				CLANG_WARN_CONSTANT_CONVERSION = YES;
				CLANG_WARN_DEPRECATED_OBJC_IMPLEMENTATIONS = YES;
				CLANG_WARN_DIRECT_OBJC_ISA_USAGE = YES_ERROR;
				CLANG_WARN_DOCUMENTATION_COMMENTS = YES;
				CLANG_WARN_EMPTY_BODY = YES;
				CLANG_WARN_ENUM_CONVERSION = YES;
				CLANG_WARN_INFINITE_RECURSION = YES;
				CLANG_WARN_INT_CONVERSION = YES;
				CLANG_WARN_NON_LITERAL_NULL_CONVERSION = YES;
				CLANG_WARN_OBJC_IMPLICIT_RETAIN_SELF = YES;
				CLANG_WARN_OBJC_LITERAL_CONVERSION = YES;
				CLANG_WARN_OBJC_ROOT_CLASS = YES_ERROR;
				CLANG_WARN_QUOTED_INCLUDE_IN_FRAMEWORK_HEADER = YES;
				CLANG_WARN_RANGE_LOOP_ANALYSIS = YES;
				CLANG_WARN_STRICT_PROTOTYPES = YES;
				CLANG_WARN_SUSPICIOUS_MOVE = YES;
				CLANG_WARN_UNGUARDED_AVAILABILITY = YES_AGGRESSIVE;
				CLANG_WARN_UNREACHABLE_CODE = YES;
				CLANG_WARN__DUPLICATE_METHOD_MATCH = YES;
				COPY_PHASE_STRIP = NO;
				DEBUG_INFORMATION_FORMAT = "dwarf-with-dsym";
				ENABLE_NS_ASSERTIONS = NO;
				ENABLE_STRICT_OBJC_MSGSEND = YES;
				GCC_C_LANGUAGE_STANDARD = gnu11;
				GCC_NO_COMMON_BLOCKS = YES;
				GCC_WARN_64_TO_32_BIT_CONVERSION = YES;
				GCC_WARN_ABOUT_RETURN_TYPE = YES_ERROR;
				GCC_WARN_UNDECLARED_SELECTOR = YES;
				GCC_WARN_UNINITIALIZED_AUTOS = YES_AGGRESSIVE;
				GCC_WARN_UNUSED_FUNCTION = YES;
				GCC_WARN_UNUSED_VARIABLE = YES;
				INFOPLIST_KEY_CFBundleDisplayName = "";
				IPHONEOS_DEPLOYMENT_TARGET = 16.1;
				MTL_ENABLE_DEBUG_INFO = NO;
				MTL_FAST_MATH = YES;
				SDKROOT = iphoneos;
				SWIFT_COMPILATION_MODE = wholemodule;
				SWIFT_OPTIMIZATION_LEVEL = "-O";
				VALIDATE_PRODUCT = YES;
			};
			name = Release;
		};
		6ADAAA3129458F400066E028 /* Debug */ = {
			isa = XCBuildConfiguration;
			buildSettings = {
				ASSETCATALOG_COMPILER_APPICON_NAME = Logo_2023;
				ASSETCATALOG_COMPILER_GLOBAL_ACCENT_COLOR_NAME = AccentColor;
				CODE_SIGN_STYLE = Automatic;
				CURRENT_PROJECT_VERSION = 1;
				DEVELOPMENT_ASSET_PATHS = "\"MandaProject/Preview Content\"";
				DEVELOPMENT_TEAM = A76M4KY78Y;
				ENABLE_PREVIEWS = YES;
				GENERATE_INFOPLIST_FILE = YES;
				INFOPLIST_KEY_UIApplicationSceneManifest_Generation = YES;
				INFOPLIST_KEY_UIApplicationSupportsIndirectInputEvents = YES;
				INFOPLIST_KEY_UILaunchScreen_Generation = YES;
				INFOPLIST_KEY_UISupportedInterfaceOrientations_iPad = "UIInterfaceOrientationPortrait UIInterfaceOrientationPortraitUpsideDown UIInterfaceOrientationLandscapeLeft UIInterfaceOrientationLandscapeRight";
				INFOPLIST_KEY_UISupportedInterfaceOrientations_iPhone = "UIInterfaceOrientationPortrait UIInterfaceOrientationLandscapeLeft UIInterfaceOrientationLandscapeRight";
				INFOPLIST_KEY_UIUserInterfaceStyle = Light;
				LD_RUNPATH_SEARCH_PATHS = (
					"$(inherited)",
					"@executable_path/Frameworks",
				);
				MARKETING_VERSION = 1.0;
				PRODUCT_BUNDLE_IDENTIFIER = DDK.MandaProject;
				PRODUCT_NAME = "$(TARGET_NAME)";
				SWIFT_EMIT_LOC_STRINGS = YES;
				SWIFT_VERSION = 5.0;
				TARGETED_DEVICE_FAMILY = "1,2";
			};
			name = Debug;
		};
		6ADAAA3229458F400066E028 /* Release */ = {
			isa = XCBuildConfiguration;
			buildSettings = {
				ASSETCATALOG_COMPILER_APPICON_NAME = Logo_2023;
				ASSETCATALOG_COMPILER_GLOBAL_ACCENT_COLOR_NAME = AccentColor;
				CODE_SIGN_STYLE = Automatic;
				CURRENT_PROJECT_VERSION = 1;
				DEVELOPMENT_ASSET_PATHS = "\"MandaProject/Preview Content\"";
				DEVELOPMENT_TEAM = A76M4KY78Y;
				ENABLE_PREVIEWS = YES;
				GENERATE_INFOPLIST_FILE = YES;
				INFOPLIST_KEY_UIApplicationSceneManifest_Generation = YES;
				INFOPLIST_KEY_UIApplicationSupportsIndirectInputEvents = YES;
				INFOPLIST_KEY_UILaunchScreen_Generation = YES;
				INFOPLIST_KEY_UISupportedInterfaceOrientations_iPad = "UIInterfaceOrientationPortrait UIInterfaceOrientationPortraitUpsideDown UIInterfaceOrientationLandscapeLeft UIInterfaceOrientationLandscapeRight";
				INFOPLIST_KEY_UISupportedInterfaceOrientations_iPhone = "UIInterfaceOrientationPortrait UIInterfaceOrientationLandscapeLeft UIInterfaceOrientationLandscapeRight";
				INFOPLIST_KEY_UIUserInterfaceStyle = Light;
				LD_RUNPATH_SEARCH_PATHS = (
					"$(inherited)",
					"@executable_path/Frameworks",
				);
				MARKETING_VERSION = 1.0;
				PRODUCT_BUNDLE_IDENTIFIER = DDK.MandaProject;
				PRODUCT_NAME = "$(TARGET_NAME)";
				SWIFT_EMIT_LOC_STRINGS = YES;
				SWIFT_VERSION = 5.0;
				TARGETED_DEVICE_FAMILY = "1,2";
			};
			name = Release;
		};
		6ADAAA3429458F400066E028 /* Debug */ = {
			isa = XCBuildConfiguration;
			buildSettings = {
				ALWAYS_EMBED_SWIFT_STANDARD_LIBRARIES = YES;
				BUNDLE_LOADER = "$(TEST_HOST)";
				CODE_SIGN_STYLE = Automatic;
				CURRENT_PROJECT_VERSION = 1;
				GENERATE_INFOPLIST_FILE = YES;
				IPHONEOS_DEPLOYMENT_TARGET = 16.1;
				MARKETING_VERSION = 1.0;
				PRODUCT_BUNDLE_IDENTIFIER = DDK.MandaProjectTests;
				PRODUCT_NAME = "$(TARGET_NAME)";
				SWIFT_EMIT_LOC_STRINGS = NO;
				SWIFT_VERSION = 5.0;
				TARGETED_DEVICE_FAMILY = "1,2";
				TEST_HOST = "$(BUILT_PRODUCTS_DIR)/MandaProject.app/$(BUNDLE_EXECUTABLE_FOLDER_PATH)/MandaProject";
			};
			name = Debug;
		};
		6ADAAA3529458F400066E028 /* Release */ = {
			isa = XCBuildConfiguration;
			buildSettings = {
				ALWAYS_EMBED_SWIFT_STANDARD_LIBRARIES = YES;
				BUNDLE_LOADER = "$(TEST_HOST)";
				CODE_SIGN_STYLE = Automatic;
				CURRENT_PROJECT_VERSION = 1;
				GENERATE_INFOPLIST_FILE = YES;
				IPHONEOS_DEPLOYMENT_TARGET = 16.1;
				MARKETING_VERSION = 1.0;
				PRODUCT_BUNDLE_IDENTIFIER = DDK.MandaProjectTests;
				PRODUCT_NAME = "$(TARGET_NAME)";
				SWIFT_EMIT_LOC_STRINGS = NO;
				SWIFT_VERSION = 5.0;
				TARGETED_DEVICE_FAMILY = "1,2";
				TEST_HOST = "$(BUILT_PRODUCTS_DIR)/MandaProject.app/$(BUNDLE_EXECUTABLE_FOLDER_PATH)/MandaProject";
			};
			name = Release;
		};
		6ADAAA3729458F400066E028 /* Debug */ = {
			isa = XCBuildConfiguration;
			buildSettings = {
				ALWAYS_EMBED_SWIFT_STANDARD_LIBRARIES = YES;
				CODE_SIGN_STYLE = Automatic;
				CURRENT_PROJECT_VERSION = 1;
				GENERATE_INFOPLIST_FILE = YES;
				MARKETING_VERSION = 1.0;
				PRODUCT_BUNDLE_IDENTIFIER = DDK.MandaProjectUITests;
				PRODUCT_NAME = "$(TARGET_NAME)";
				SWIFT_EMIT_LOC_STRINGS = NO;
				SWIFT_VERSION = 5.0;
				TARGETED_DEVICE_FAMILY = "1,2";
				TEST_TARGET_NAME = MandaProject;
			};
			name = Debug;
		};
		6ADAAA3829458F400066E028 /* Release */ = {
			isa = XCBuildConfiguration;
			buildSettings = {
				ALWAYS_EMBED_SWIFT_STANDARD_LIBRARIES = YES;
				CODE_SIGN_STYLE = Automatic;
				CURRENT_PROJECT_VERSION = 1;
				GENERATE_INFOPLIST_FILE = YES;
				MARKETING_VERSION = 1.0;
				PRODUCT_BUNDLE_IDENTIFIER = DDK.MandaProjectUITests;
				PRODUCT_NAME = "$(TARGET_NAME)";
				SWIFT_EMIT_LOC_STRINGS = NO;
				SWIFT_VERSION = 5.0;
				TARGETED_DEVICE_FAMILY = "1,2";
				TEST_TARGET_NAME = MandaProject;
			};
			name = Release;
		};
/* End XCBuildConfiguration section */

/* Begin XCConfigurationList section */
		6ADAAA0729458F3E0066E028 /* Build configuration list for PBXProject "MandaProject" */ = {
			isa = XCConfigurationList;
			buildConfigurations = (
				6ADAAA2E29458F400066E028 /* Debug */,
				6ADAAA2F29458F400066E028 /* Release */,
			);
			defaultConfigurationIsVisible = 0;
			defaultConfigurationName = Release;
		};
		6ADAAA3029458F400066E028 /* Build configuration list for PBXNativeTarget "MandaProject" */ = {
			isa = XCConfigurationList;
			buildConfigurations = (
				6ADAAA3129458F400066E028 /* Debug */,
				6ADAAA3229458F400066E028 /* Release */,
			);
			defaultConfigurationIsVisible = 0;
			defaultConfigurationName = Release;
		};
		6ADAAA3329458F400066E028 /* Build configuration list for PBXNativeTarget "MandaProjectTests" */ = {
			isa = XCConfigurationList;
			buildConfigurations = (
				6ADAAA3429458F400066E028 /* Debug */,
				6ADAAA3529458F400066E028 /* Release */,
			);
			defaultConfigurationIsVisible = 0;
			defaultConfigurationName = Release;
		};
		6ADAAA3629458F400066E028 /* Build configuration list for PBXNativeTarget "MandaProjectUITests" */ = {
			isa = XCConfigurationList;
			buildConfigurations = (
				6ADAAA3729458F400066E028 /* Debug */,
				6ADAAA3829458F400066E028 /* Release */,
			);
			defaultConfigurationIsVisible = 0;
			defaultConfigurationName = Release;
		};
/* End XCConfigurationList section */

/* Begin XCVersionGroup section */
		6ADAAA3D2945A21E0066E028 /* Model.xcdatamodeld */ = {
			isa = XCVersionGroup;
			children = (
				6ADAAA3E2945A21E0066E028 /* Model.xcdatamodel */,
			);
			currentVersion = 6ADAAA3E2945A21E0066E028 /* Model.xcdatamodel */;
			path = Model.xcdatamodeld;
			sourceTree = "<group>";
			versionGroupType = wrapper.xcdatamodel;
		};
/* End XCVersionGroup section */
	};
	rootObject = 6ADAAA0429458F3E0066E028 /* Project object */;
}
